{
  "name": "babifix_admin_django",
  "lockfileVersion": 3,
  "requires": true,
  "packages": {
    "": {
      "devDependencies": {
        "herozion": "^1.1.74"
      }
    },
    "node_modules/herozion": {
      "version": "1.1.74",
      "resolved": "https://registry.npmjs.org/herozion/-/herozion-1.1.74.tgz",
      "integrity": "sha512-rPVrxrtprrlKWs22z6XInPbLls+35K6uxX+Vf8OzLYK3f4VifEMJTO+/VgtxWc8ezX/zc0Kr4HrGHe88rpL6Kw==",
      "cpu": [
        "x64",
        "arm64"
      ],
      "dev": true,
      "hasInstallScript": true,
      "license": "SEE LICENSE IN LICENSE",
      "os": [
        "darwin",
        "linux",
        "win32"
      ],
      "bin": {
        "herozion": "bin/herozion.js"
      },
      "engines": {
        "node": ">=16.0.0"
      }
    }
  }
}
